
Microsoft Visual Studio Solution File, Format Version 12.00
# Visual Studio Version 17
VisualStudioVersion = 17.3.32901.215
MinimumVisualStudioVersion = 10.0.40219.1
Project("{8BC9CEB8-8B4A-11D0-8D11-00A0C91BC942}") = "ISEGYE-IDOL-GAME-SERVER-STRESS", "ISEGYE-IDOL-GAME-SERVER-STRESS\ISEGYE-IDOL-GAME-SERVER-STRESS.vcxproj", "{7D359788-7F3C-4A1B-8A12-2281F6B5500E}"
EndProject
Global
	GlobalSection(SolutionConfigurationPlatforms) = preSolution
		Debug|x64 = Debug|x64
		Debug|x86 = Debug|x86
		Release|x64 = Release|x64
		Release|x86 = Release|x86
	EndGlobalSection
	GlobalSection(ProjectConfigurationPlatforms) = postSolution
		{7D359788-7F3C-4A1B-8A12-2281F6B5500E}.Debug|x64.ActiveCfg = Debug|x64
		{7D359788-7F3C-4A1B-8A12-2281F6B5500E}.Debug|x64.Build.0 = Debug|x64
		{7D359788-7F3C-4A1B-8A12-2281F6B5500E}.Debug|x86.ActiveCfg = Debug|Win32
		{7D359788-7F3C-4A1B-8A12-2281F6B5500E}.Debug|x86.Build.0 = Debug|Win32
		{7D359788-7F3C-4A1B-8A12-2281F6B5500E}.Release|x64.ActiveCfg = Release|x64
		{7D359788-7F3C-4A1B-8A12-2281F6B5500E}.Release|x64.Build.0 = Release|x64
		{7D359788-7F3C-4A1B-8A12-2281F6B5500E}.Release|x86.ActiveCfg = Release|Win32
		{7D359788-7F3C-4A1B-8A12-2281F6B5500E}.Release|x86.Build.0 = Release|Win32
	EndGlobalSection
	GlobalSection(SolutionProperties) = preSolution
		HideSolutionNode = FALSE
	EndGlobalSection
	GlobalSection(ExtensibilityGlobals) = postSolution
		SolutionGuid = {1CC34150-5EF8-498E-AAC4-EA3F044E0599}
	EndGlobalSection
EndGlobal
